
Microsoft Visual Studio Solution File, Format Version 12.00
# Visual Studio Version 17
VisualStudioVersion = 17.11.35219.272
MinimumVisualStudioVersion = 10.0.40219.1
Project("{9A19103F-16F7-4668-BE54-9A1E7A4F7556}") = "TP1_salmen", "TP1_salmen.csproj", "{B91C4D7D-FA91-4A67-B259-870D1382E6DC}"
EndProject
Global
	GlobalSection(SolutionConfigurationPlatforms) = preSolution
		Debug|Any CPU = Debug|Any CPU
		Release|Any CPU = Release|Any CPU
	EndGlobalSection
	GlobalSection(ProjectConfigurationPlatforms) = postSolution
		{B91C4D7D-FA91-4A67-B259-870D1382E6DC}.Debug|Any CPU.ActiveCfg = Debug|Any CPU
		{B91C4D7D-FA91-4A67-B259-870D1382E6DC}.Debug|Any CPU.Build.0 = Debug|Any CPU
		{B91C4D7D-FA91-4A67-B259-870D1382E6DC}.Release|Any CPU.ActiveCfg = Release|Any CPU
		{B91C4D7D-FA91-4A67-B259-870D1382E6DC}.Release|Any CPU.Build.0 = Release|Any CPU
	EndGlobalSection
	GlobalSection(SolutionProperties) = preSolution
		HideSolutionNode = FALSE
	EndGlobalSection
	GlobalSection(ExtensibilityGlobals) = postSolution
		SolutionGuid = {97C672E9-E0D5-49B6-9FC3-2510954C24F2}
	EndGlobalSection
EndGlobal
